
Microsoft Visual Studio Solution File, Format Version 12.00
# Visual Studio Version 17
VisualStudioVersion = 17.4.33103.184
MinimumVisualStudioVersion = 10.0.40219.1
Project("{FAE04EC0-301F-11D3-BF4B-00C04F79EFBC}") = "WFA230110_2", "WFA230110_2.csproj", "{38733587-C10D-40DB-B2DB-9B8E61B8A8C9}"
EndProject
Global
	GlobalSection(SolutionConfigurationPlatforms) = preSolution
		Debug|Any CPU = Debug|Any CPU
		Release|Any CPU = Release|Any CPU
	EndGlobalSection
	GlobalSection(ProjectConfigurationPlatforms) = postSolution
		{38733587-C10D-40DB-B2DB-9B8E61B8A8C9}.Debug|Any CPU.ActiveCfg = Debug|Any CPU
		{38733587-C10D-40DB-B2DB-9B8E61B8A8C9}.Debug|Any CPU.Build.0 = Debug|Any CPU
		{38733587-C10D-40DB-B2DB-9B8E61B8A8C9}.Release|Any CPU.ActiveCfg = Release|Any CPU
		{38733587-C10D-40DB-B2DB-9B8E61B8A8C9}.Release|Any CPU.Build.0 = Release|Any CPU
	EndGlobalSection
	GlobalSection(SolutionProperties) = preSolution
		HideSolutionNode = FALSE
	EndGlobalSection
	GlobalSection(ExtensibilityGlobals) = postSolution
		SolutionGuid = {42C872D1-05CE-40EB-803D-520385908BCE}
	EndGlobalSection
EndGlobal
